<?xml version="1.0" encoding="UTF-8" standalone="yes" ?>
<CodeBlocks_project_file>
	<FileVersion major="1" minor="6" />
	<Project>
		<Option title="SPH" />
		<Option pch_mode="2" />
		<Option compiler="gcc" />
		<Build>
			<Target title="Release">
				<Option output="bin/Release/SPH" prefix_auto="1" extension_auto="1" />
				<Option object_output="obj/Release/" />
				<Option type="1" />
				<Option compiler="gcc" />
				<Compiler>
					<Add option="-O2" />
					<Add directory="../../../../SFML/SFML-2.5.1/include" />
				</Compiler>
				<Linker>
					<Add option="-s" />
					<Add library="../../../../SFML/SFML-2.5.1/lib/libsfml-graphics.a" />
					<Add library="../../../../SFML/SFML-2.5.1/lib/libsfml-window.a" />
					<Add library="../../../../SFML/SFML-2.5.1/lib/libsfml-system.a" />
					<Add directory="../../../../SFML/SFML-2.5.1/lib" />
				</Linker>
			</Target>
		</Build>
		<Compiler>
			<Add option="-Wall" />
		</Compiler>
		<Unit filename="Kelvin-Helmholtz Instability.cpp" />
		<Unit filename="Rayleigh-Taylor Instability.cpp" />
		<Unit filename="SPH library/Classes&amp;Structures/Liquid.hpp" />
		<Unit filename="SPH library/Classes&amp;Structures/Particles.hpp" />
		<Unit filename="SPH library/Classes&amp;Structures/particle.cpp" />
		<Unit filename="SPH library/Classes&amp;Structures/ppair.cpp" />
		<Unit filename="SPH library/Constructor/Additional functions/randomizer.cpp" />
		<Unit filename="SPH library/Constructor/Constructor.cpp" />
		<Unit filename="SPH library/Solver/Additional functions/distancefunc.cpp" />
		<Unit filename="SPH library/Solver/Additional functions/scalar.cpp" />
		<Unit filename="SPH library/Solver/Liquid.cpp" />
		<Unit filename="SPH library/Solver/SPHfunc.cpp" />
		<Unit filename="SPH library/Solver/kerfunc.cpp" />
		<Unit filename="SPH library/Visualizer/Environment Parameters.cpp" />
		<Unit filename="SPH library/Visualizer/Visualizer.cpp" />
		<Extensions>
			<lib_finder disable_auto="1" />
		</Extensions>
	</Project>
</CodeBlocks_project_file>
